# This file is generated by running "yarn install" inside your project.
# Manual changes might be lost - proceed with caution!

__metadata:
  version: 4

"graphql-codegen-default-queries@workspace:.":
  version: 0.0.0-use.local
  resolution: "graphql-codegen-default-queries@workspace:."
  languageName: unknown
  linkType: soft
